
Microsoft Visual Studio Solution File, Format Version 12.00
# Visual Studio Version 16
VisualStudioVersion = 16.0.30114.105
MinimumVisualStudioVersion = 10.0.40219.1
Project("{2150E333-8FDC-42A3-9474-1A3956D46DE8}") = "src", "src", "{1578700B-C9E2-4469-BA9B-29E27B22EA25}"
EndProject
Project("{FAE04EC0-301F-11D3-BF4B-00C04F79EFBC}") = "Endatix.Core", "src\Endatix.Core\Endatix.Core.csproj", "{531E7DE9-E5E7-4F36-ADCD-DC38EFCBE762}"
EndProject
Project("{FAE04EC0-301F-11D3-BF4B-00C04F79EFBC}") = "Endatix.Infrastructure", "src\Endatix.Infrastructure\Endatix.Infrastructure.csproj", "{4A3F1337-0223-4465-B47B-34AE4A4F939A}"
EndProject
Project("{FAE04EC0-301F-11D3-BF4B-00C04F79EFBC}") = "Endatix.Api", "src\Endatix.Api\Endatix.Api.csproj", "{7A737D72-AF20-4E8F-A66C-F3F3ADDF8619}"
EndProject
Project("{2150E333-8FDC-42A3-9474-1A3956D46DE8}") = "samples", "samples", "{36B61C3D-9B27-4EC5-8E9D-9BAE97EBA631}"
EndProject
Project("{FAE04EC0-301F-11D3-BF4B-00C04F79EFBC}") = "Endatix.Samples.WebApp", "samples\Endatix.Samples.WebApp\Endatix.Samples.WebApp.csproj", "{82CBA1DE-59BE-4D7F-AE15-522E05D22A22}"
EndProject
Project("{FAE04EC0-301F-11D3-BF4B-00C04F79EFBC}") = "Endatix.Samples.CustomEventHandlers", "samples\Endatix.Samples.CustomEventHandlers\Endatix.Samples.CustomEventHandlers.csproj", "{1DA4C4C3-7C14-4187-B574-C18E15316C89}"
EndProject
Project("{2150E333-8FDC-42A3-9474-1A3956D46DE8}") = "tests", "tests", "{E3B33D6B-1675-484C-B459-D199D2B3A7CE}"
EndProject
Project("{FAE04EC0-301F-11D3-BF4B-00C04F79EFBC}") = "Endatix.Core.Tests", "tests\Endatix.Core.Tests\Endatix.Core.Tests.csproj", "{883C31A0-2320-484D-B93E-8CCBD1E40CCE}"
EndProject
Project("{FAE04EC0-301F-11D3-BF4B-00C04F79EFBC}") = "Endatix.WebHost", "src\Endatix.WebHost\Endatix.WebHost.csproj", "{6B9097F7-2AD7-4BD5-8280-D3A65200D5DD}"
EndProject
Project("{FAE04EC0-301F-11D3-BF4B-00C04F79EFBC}") = "Endatix.Framework", "src\Endatix.Framework\Endatix.Framework.csproj", "{0B125CDA-EF14-4399-8AAC-C43A0FD88FBD}"
EndProject
Project("{FAE04EC0-301F-11D3-BF4B-00C04F79EFBC}") = "Endatix.Api.Host", "src\Endatix.Api.Host\Endatix.Api.Host.csproj", "{98EF6DEA-12D1-493E-B33D-9234F5655E80}"
EndProject
Project("{FAE04EC0-301F-11D3-BF4B-00C04F79EFBC}") = "Endatix.Persistence.SqlServer", "src\Endatix.Persistence.SqlServer\Endatix.Persistence.SqlServer.csproj", "{0047C6EE-7051-41CE-B72A-BECBFDA43341}"
EndProject
Project("{FAE04EC0-301F-11D3-BF4B-00C04F79EFBC}") = "Endatix.Samples.SelfHosted", "samples\Endatix.Samples.SelfHosted\Endatix.Samples.SelfHosted.csproj", "{7C38EFD4-B5DB-4128-A180-849E54EB80F2}"
EndProject
Project("{FAE04EC0-301F-11D3-BF4B-00C04F79EFBC}") = "Endatix.Api.Tests", "tests\Endatix.Api.Tests\Endatix.Api.Tests.csproj", "{69A89081-2600-4914-97F0-2042B9DCA13E}"
EndProject
Project("{FAE04EC0-301F-11D3-BF4B-00C04F79EFBC}") = "Endatix.Infrastructure.Tests", "tests\Endatix.Infrastructure.Tests\Endatix.Infrastructure.Tests.csproj", "{683DB65A-53A8-4607-9A09-32EA40FB84C5}"
EndProject
Project("{2150E333-8FDC-42A3-9474-1A3956D46DE8}") = "solution_items", "solution_items", "{1D58A00B-F24A-487F-B94A-4600C177F462}"
	ProjectSection(SolutionItems) = preProject
		docker-compose.yml = docker-compose.yml
		README.md = README.md
		Directory.Build.props = Directory.Build.props
		Directory.Packages.props = Directory.Packages.props
	EndProjectSection
EndProject
Project("{FAE04EC0-301F-11D3-BF4B-00C04F79EFBC}") = "Endatix.Persistence.PostgreSql", "src\Endatix.Persistence.PostgreSql\Endatix.Persistence.PostgreSql.csproj", "{12CB0EBB-F33B-4E91-AA71-D8DF960FD997}"
EndProject
Project("{FAE04EC0-301F-11D3-BF4B-00C04F79EFBC}") = "Endatix.Hosting", "src\Endatix.Hosting\Endatix.Hosting.csproj", "{D4F0315E-6F39-405E-AB9E-FB50EBEF599A}"
EndProject
Global
	GlobalSection(SolutionConfigurationPlatforms) = preSolution
		Debug|Any CPU = Debug|Any CPU
		Debug|x64 = Debug|x64
		Debug|x86 = Debug|x86
		Release|Any CPU = Release|Any CPU
		Release|x64 = Release|x64
		Release|x86 = Release|x86
	EndGlobalSection
	GlobalSection(ProjectConfigurationPlatforms) = postSolution
		{531E7DE9-E5E7-4F36-ADCD-DC38EFCBE762}.Debug|Any CPU.ActiveCfg = Debug|Any CPU
		{531E7DE9-E5E7-4F36-ADCD-DC38EFCBE762}.Debug|Any CPU.Build.0 = Debug|Any CPU
		{531E7DE9-E5E7-4F36-ADCD-DC38EFCBE762}.Debug|x64.ActiveCfg = Debug|Any CPU
		{531E7DE9-E5E7-4F36-ADCD-DC38EFCBE762}.Debug|x64.Build.0 = Debug|Any CPU
		{531E7DE9-E5E7-4F36-ADCD-DC38EFCBE762}.Debug|x86.ActiveCfg = Debug|Any CPU
		{531E7DE9-E5E7-4F36-ADCD-DC38EFCBE762}.Debug|x86.Build.0 = Debug|Any CPU
		{531E7DE9-E5E7-4F36-ADCD-DC38EFCBE762}.Release|Any CPU.ActiveCfg = Release|Any CPU
		{531E7DE9-E5E7-4F36-ADCD-DC38EFCBE762}.Release|Any CPU.Build.0 = Release|Any CPU
		{531E7DE9-E5E7-4F36-ADCD-DC38EFCBE762}.Release|x64.ActiveCfg = Release|Any CPU
		{531E7DE9-E5E7-4F36-ADCD-DC38EFCBE762}.Release|x64.Build.0 = Release|Any CPU
		{531E7DE9-E5E7-4F36-ADCD-DC38EFCBE762}.Release|x86.ActiveCfg = Release|Any CPU
		{531E7DE9-E5E7-4F36-ADCD-DC38EFCBE762}.Release|x86.Build.0 = Release|Any CPU
		{4A3F1337-0223-4465-B47B-34AE4A4F939A}.Debug|Any CPU.ActiveCfg = Debug|Any CPU
		{4A3F1337-0223-4465-B47B-34AE4A4F939A}.Debug|Any CPU.Build.0 = Debug|Any CPU
		{4A3F1337-0223-4465-B47B-34AE4A4F939A}.Debug|x64.ActiveCfg = Debug|Any CPU
		{4A3F1337-0223-4465-B47B-34AE4A4F939A}.Debug|x64.Build.0 = Debug|Any CPU
		{4A3F1337-0223-4465-B47B-34AE4A4F939A}.Debug|x86.ActiveCfg = Debug|Any CPU
		{4A3F1337-0223-4465-B47B-34AE4A4F939A}.Debug|x86.Build.0 = Debug|Any CPU
		{4A3F1337-0223-4465-B47B-34AE4A4F939A}.Release|Any CPU.ActiveCfg = Release|Any CPU
		{4A3F1337-0223-4465-B47B-34AE4A4F939A}.Release|Any CPU.Build.0 = Release|Any CPU
		{4A3F1337-0223-4465-B47B-34AE4A4F939A}.Release|x64.ActiveCfg = Release|Any CPU
		{4A3F1337-0223-4465-B47B-34AE4A4F939A}.Release|x64.Build.0 = Release|Any CPU
		{4A3F1337-0223-4465-B47B-34AE4A4F939A}.Release|x86.ActiveCfg = Release|Any CPU
		{4A3F1337-0223-4465-B47B-34AE4A4F939A}.Release|x86.Build.0 = Release|Any CPU
		{7A737D72-AF20-4E8F-A66C-F3F3ADDF8619}.Debug|Any CPU.ActiveCfg = Debug|Any CPU
		{7A737D72-AF20-4E8F-A66C-F3F3ADDF8619}.Debug|Any CPU.Build.0 = Debug|Any CPU
		{7A737D72-AF20-4E8F-A66C-F3F3ADDF8619}.Debug|x64.ActiveCfg = Debug|Any CPU
		{7A737D72-AF20-4E8F-A66C-F3F3ADDF8619}.Debug|x64.Build.0 = Debug|Any CPU
		{7A737D72-AF20-4E8F-A66C-F3F3ADDF8619}.Debug|x86.ActiveCfg = Debug|Any CPU
		{7A737D72-AF20-4E8F-A66C-F3F3ADDF8619}.Debug|x86.Build.0 = Debug|Any CPU
		{7A737D72-AF20-4E8F-A66C-F3F3ADDF8619}.Release|Any CPU.ActiveCfg = Release|Any CPU
		{7A737D72-AF20-4E8F-A66C-F3F3ADDF8619}.Release|Any CPU.Build.0 = Release|Any CPU
		{7A737D72-AF20-4E8F-A66C-F3F3ADDF8619}.Release|x64.ActiveCfg = Release|Any CPU
		{7A737D72-AF20-4E8F-A66C-F3F3ADDF8619}.Release|x64.Build.0 = Release|Any CPU
		{7A737D72-AF20-4E8F-A66C-F3F3ADDF8619}.Release|x86.ActiveCfg = Release|Any CPU
		{7A737D72-AF20-4E8F-A66C-F3F3ADDF8619}.Release|x86.Build.0 = Release|Any CPU
		{82CBA1DE-59BE-4D7F-AE15-522E05D22A22}.Debug|Any CPU.ActiveCfg = Debug|Any CPU
		{82CBA1DE-59BE-4D7F-AE15-522E05D22A22}.Debug|Any CPU.Build.0 = Debug|Any CPU
		{82CBA1DE-59BE-4D7F-AE15-522E05D22A22}.Debug|x64.ActiveCfg = Debug|Any CPU
		{82CBA1DE-59BE-4D7F-AE15-522E05D22A22}.Debug|x64.Build.0 = Debug|Any CPU
		{82CBA1DE-59BE-4D7F-AE15-522E05D22A22}.Debug|x86.ActiveCfg = Debug|Any CPU
		{82CBA1DE-59BE-4D7F-AE15-522E05D22A22}.Debug|x86.Build.0 = Debug|Any CPU
		{82CBA1DE-59BE-4D7F-AE15-522E05D22A22}.Release|Any CPU.ActiveCfg = Release|Any CPU
		{82CBA1DE-59BE-4D7F-AE15-522E05D22A22}.Release|Any CPU.Build.0 = Release|Any CPU
		{82CBA1DE-59BE-4D7F-AE15-522E05D22A22}.Release|x64.ActiveCfg = Release|Any CPU
		{82CBA1DE-59BE-4D7F-AE15-522E05D22A22}.Release|x64.Build.0 = Release|Any CPU
		{82CBA1DE-59BE-4D7F-AE15-522E05D22A22}.Release|x86.ActiveCfg = Release|Any CPU
		{82CBA1DE-59BE-4D7F-AE15-522E05D22A22}.Release|x86.Build.0 = Release|Any CPU
		{1DA4C4C3-7C14-4187-B574-C18E15316C89}.Debug|Any CPU.ActiveCfg = Debug|Any CPU
		{1DA4C4C3-7C14-4187-B574-C18E15316C89}.Debug|Any CPU.Build.0 = Debug|Any CPU
		{1DA4C4C3-7C14-4187-B574-C18E15316C89}.Debug|x64.ActiveCfg = Debug|Any CPU
		{1DA4C4C3-7C14-4187-B574-C18E15316C89}.Debug|x64.Build.0 = Debug|Any CPU
		{1DA4C4C3-7C14-4187-B574-C18E15316C89}.Debug|x86.ActiveCfg = Debug|Any CPU
		{1DA4C4C3-7C14-4187-B574-C18E15316C89}.Debug|x86.Build.0 = Debug|Any CPU
		{1DA4C4C3-7C14-4187-B574-C18E15316C89}.Release|Any CPU.ActiveCfg = Release|Any CPU
		{1DA4C4C3-7C14-4187-B574-C18E15316C89}.Release|Any CPU.Build.0 = Release|Any CPU
		{1DA4C4C3-7C14-4187-B574-C18E15316C89}.Release|x64.ActiveCfg = Release|Any CPU
		{1DA4C4C3-7C14-4187-B574-C18E15316C89}.Release|x64.Build.0 = Release|Any CPU
		{1DA4C4C3-7C14-4187-B574-C18E15316C89}.Release|x86.ActiveCfg = Release|Any CPU
		{1DA4C4C3-7C14-4187-B574-C18E15316C89}.Release|x86.Build.0 = Release|Any CPU
		{883C31A0-2320-484D-B93E-8CCBD1E40CCE}.Debug|Any CPU.ActiveCfg = Debug|Any CPU
		{883C31A0-2320-484D-B93E-8CCBD1E40CCE}.Debug|Any CPU.Build.0 = Debug|Any CPU
		{883C31A0-2320-484D-B93E-8CCBD1E40CCE}.Debug|x64.ActiveCfg = Debug|Any CPU
		{883C31A0-2320-484D-B93E-8CCBD1E40CCE}.Debug|x64.Build.0 = Debug|Any CPU
		{883C31A0-2320-484D-B93E-8CCBD1E40CCE}.Debug|x86.ActiveCfg = Debug|Any CPU
		{883C31A0-2320-484D-B93E-8CCBD1E40CCE}.Debug|x86.Build.0 = Debug|Any CPU
		{883C31A0-2320-484D-B93E-8CCBD1E40CCE}.Release|Any CPU.ActiveCfg = Release|Any CPU
		{883C31A0-2320-484D-B93E-8CCBD1E40CCE}.Release|Any CPU.Build.0 = Release|Any CPU
		{883C31A0-2320-484D-B93E-8CCBD1E40CCE}.Release|x64.ActiveCfg = Release|Any CPU
		{883C31A0-2320-484D-B93E-8CCBD1E40CCE}.Release|x64.Build.0 = Release|Any CPU
		{883C31A0-2320-484D-B93E-8CCBD1E40CCE}.Release|x86.ActiveCfg = Release|Any CPU
		{883C31A0-2320-484D-B93E-8CCBD1E40CCE}.Release|x86.Build.0 = Release|Any CPU
		{6B9097F7-2AD7-4BD5-8280-D3A65200D5DD}.Debug|Any CPU.ActiveCfg = Debug|Any CPU
		{6B9097F7-2AD7-4BD5-8280-D3A65200D5DD}.Debug|Any CPU.Build.0 = Debug|Any CPU
		{6B9097F7-2AD7-4BD5-8280-D3A65200D5DD}.Debug|x64.ActiveCfg = Debug|Any CPU
		{6B9097F7-2AD7-4BD5-8280-D3A65200D5DD}.Debug|x64.Build.0 = Debug|Any CPU
		{6B9097F7-2AD7-4BD5-8280-D3A65200D5DD}.Debug|x86.ActiveCfg = Debug|Any CPU
		{6B9097F7-2AD7-4BD5-8280-D3A65200D5DD}.Debug|x86.Build.0 = Debug|Any CPU
		{6B9097F7-2AD7-4BD5-8280-D3A65200D5DD}.Release|Any CPU.ActiveCfg = Release|Any CPU
		{6B9097F7-2AD7-4BD5-8280-D3A65200D5DD}.Release|Any CPU.Build.0 = Release|Any CPU
		{6B9097F7-2AD7-4BD5-8280-D3A65200D5DD}.Release|x64.ActiveCfg = Release|Any CPU
		{6B9097F7-2AD7-4BD5-8280-D3A65200D5DD}.Release|x64.Build.0 = Release|Any CPU
		{6B9097F7-2AD7-4BD5-8280-D3A65200D5DD}.Release|x86.ActiveCfg = Release|Any CPU
		{6B9097F7-2AD7-4BD5-8280-D3A65200D5DD}.Release|x86.Build.0 = Release|Any CPU
		{0B125CDA-EF14-4399-8AAC-C43A0FD88FBD}.Debug|Any CPU.ActiveCfg = Debug|Any CPU
		{0B125CDA-EF14-4399-8AAC-C43A0FD88FBD}.Debug|Any CPU.Build.0 = Debug|Any CPU
		{0B125CDA-EF14-4399-8AAC-C43A0FD88FBD}.Debug|x64.ActiveCfg = Debug|Any CPU
		{0B125CDA-EF14-4399-8AAC-C43A0FD88FBD}.Debug|x64.Build.0 = Debug|Any CPU
		{0B125CDA-EF14-4399-8AAC-C43A0FD88FBD}.Debug|x86.ActiveCfg = Debug|Any CPU
		{0B125CDA-EF14-4399-8AAC-C43A0FD88FBD}.Debug|x86.Build.0 = Debug|Any CPU
		{0B125CDA-EF14-4399-8AAC-C43A0FD88FBD}.Release|Any CPU.ActiveCfg = Release|Any CPU
		{0B125CDA-EF14-4399-8AAC-C43A0FD88FBD}.Release|Any CPU.Build.0 = Release|Any CPU
		{0B125CDA-EF14-4399-8AAC-C43A0FD88FBD}.Release|x64.ActiveCfg = Release|Any CPU
		{0B125CDA-EF14-4399-8AAC-C43A0FD88FBD}.Release|x64.Build.0 = Release|Any CPU
		{0B125CDA-EF14-4399-8AAC-C43A0FD88FBD}.Release|x86.ActiveCfg = Release|Any CPU
		{0B125CDA-EF14-4399-8AAC-C43A0FD88FBD}.Release|x86.Build.0 = Release|Any CPU
		{98EF6DEA-12D1-493E-B33D-9234F5655E80}.Debug|Any CPU.ActiveCfg = Debug|Any CPU
		{98EF6DEA-12D1-493E-B33D-9234F5655E80}.Debug|Any CPU.Build.0 = Debug|Any CPU
		{98EF6DEA-12D1-493E-B33D-9234F5655E80}.Debug|x64.ActiveCfg = Debug|Any CPU
		{98EF6DEA-12D1-493E-B33D-9234F5655E80}.Debug|x64.Build.0 = Debug|Any CPU
		{98EF6DEA-12D1-493E-B33D-9234F5655E80}.Debug|x86.ActiveCfg = Debug|Any CPU
		{98EF6DEA-12D1-493E-B33D-9234F5655E80}.Debug|x86.Build.0 = Debug|Any CPU
		{98EF6DEA-12D1-493E-B33D-9234F5655E80}.Release|Any CPU.ActiveCfg = Release|Any CPU
		{98EF6DEA-12D1-493E-B33D-9234F5655E80}.Release|Any CPU.Build.0 = Release|Any CPU
		{98EF6DEA-12D1-493E-B33D-9234F5655E80}.Release|x64.ActiveCfg = Release|Any CPU
		{98EF6DEA-12D1-493E-B33D-9234F5655E80}.Release|x64.Build.0 = Release|Any CPU
		{98EF6DEA-12D1-493E-B33D-9234F5655E80}.Release|x86.ActiveCfg = Release|Any CPU
		{98EF6DEA-12D1-493E-B33D-9234F5655E80}.Release|x86.Build.0 = Release|Any CPU
		{0047C6EE-7051-41CE-B72A-BECBFDA43341}.Debug|Any CPU.ActiveCfg = Debug|Any CPU
		{0047C6EE-7051-41CE-B72A-BECBFDA43341}.Debug|Any CPU.Build.0 = Debug|Any CPU
		{0047C6EE-7051-41CE-B72A-BECBFDA43341}.Debug|x64.ActiveCfg = Debug|Any CPU
		{0047C6EE-7051-41CE-B72A-BECBFDA43341}.Debug|x64.Build.0 = Debug|Any CPU
		{0047C6EE-7051-41CE-B72A-BECBFDA43341}.Debug|x86.ActiveCfg = Debug|Any CPU
		{0047C6EE-7051-41CE-B72A-BECBFDA43341}.Debug|x86.Build.0 = Debug|Any CPU
		{0047C6EE-7051-41CE-B72A-BECBFDA43341}.Release|Any CPU.ActiveCfg = Release|Any CPU
		{0047C6EE-7051-41CE-B72A-BECBFDA43341}.Release|Any CPU.Build.0 = Release|Any CPU
		{0047C6EE-7051-41CE-B72A-BECBFDA43341}.Release|x64.ActiveCfg = Release|Any CPU
		{0047C6EE-7051-41CE-B72A-BECBFDA43341}.Release|x64.Build.0 = Release|Any CPU
		{0047C6EE-7051-41CE-B72A-BECBFDA43341}.Release|x86.ActiveCfg = Release|Any CPU
		{0047C6EE-7051-41CE-B72A-BECBFDA43341}.Release|x86.Build.0 = Release|Any CPU
		{7C38EFD4-B5DB-4128-A180-849E54EB80F2}.Debug|Any CPU.ActiveCfg = Debug|Any CPU
		{7C38EFD4-B5DB-4128-A180-849E54EB80F2}.Debug|Any CPU.Build.0 = Debug|Any CPU
		{7C38EFD4-B5DB-4128-A180-849E54EB80F2}.Debug|x64.ActiveCfg = Debug|Any CPU
		{7C38EFD4-B5DB-4128-A180-849E54EB80F2}.Debug|x64.Build.0 = Debug|Any CPU
		{7C38EFD4-B5DB-4128-A180-849E54EB80F2}.Debug|x86.ActiveCfg = Debug|Any CPU
		{7C38EFD4-B5DB-4128-A180-849E54EB80F2}.Debug|x86.Build.0 = Debug|Any CPU
		{7C38EFD4-B5DB-4128-A180-849E54EB80F2}.Release|Any CPU.ActiveCfg = Release|Any CPU
		{7C38EFD4-B5DB-4128-A180-849E54EB80F2}.Release|Any CPU.Build.0 = Release|Any CPU
		{7C38EFD4-B5DB-4128-A180-849E54EB80F2}.Release|x64.ActiveCfg = Release|Any CPU
		{7C38EFD4-B5DB-4128-A180-849E54EB80F2}.Release|x64.Build.0 = Release|Any CPU
		{7C38EFD4-B5DB-4128-A180-849E54EB80F2}.Release|x86.ActiveCfg = Release|Any CPU
		{7C38EFD4-B5DB-4128-A180-849E54EB80F2}.Release|x86.Build.0 = Release|Any CPU
		{69A89081-2600-4914-97F0-2042B9DCA13E}.Debug|Any CPU.ActiveCfg = Debug|Any CPU
		{69A89081-2600-4914-97F0-2042B9DCA13E}.Debug|Any CPU.Build.0 = Debug|Any CPU
		{69A89081-2600-4914-97F0-2042B9DCA13E}.Debug|x64.ActiveCfg = Debug|Any CPU
		{69A89081-2600-4914-97F0-2042B9DCA13E}.Debug|x64.Build.0 = Debug|Any CPU
		{69A89081-2600-4914-97F0-2042B9DCA13E}.Debug|x86.ActiveCfg = Debug|Any CPU
		{69A89081-2600-4914-97F0-2042B9DCA13E}.Debug|x86.Build.0 = Debug|Any CPU
		{69A89081-2600-4914-97F0-2042B9DCA13E}.Release|Any CPU.ActiveCfg = Release|Any CPU
		{69A89081-2600-4914-97F0-2042B9DCA13E}.Release|Any CPU.Build.0 = Release|Any CPU
		{69A89081-2600-4914-97F0-2042B9DCA13E}.Release|x64.ActiveCfg = Release|Any CPU
		{69A89081-2600-4914-97F0-2042B9DCA13E}.Release|x64.Build.0 = Release|Any CPU
		{69A89081-2600-4914-97F0-2042B9DCA13E}.Release|x86.ActiveCfg = Release|Any CPU
		{69A89081-2600-4914-97F0-2042B9DCA13E}.Release|x86.Build.0 = Release|Any CPU
		{683DB65A-53A8-4607-9A09-32EA40FB84C5}.Debug|Any CPU.ActiveCfg = Debug|Any CPU
		{683DB65A-53A8-4607-9A09-32EA40FB84C5}.Debug|Any CPU.Build.0 = Debug|Any CPU
		{683DB65A-53A8-4607-9A09-32EA40FB84C5}.Debug|x64.ActiveCfg = Debug|Any CPU
		{683DB65A-53A8-4607-9A09-32EA40FB84C5}.Debug|x64.Build.0 = Debug|Any CPU
		{683DB65A-53A8-4607-9A09-32EA40FB84C5}.Debug|x86.ActiveCfg = Debug|Any CPU
		{683DB65A-53A8-4607-9A09-32EA40FB84C5}.Debug|x86.Build.0 = Debug|Any CPU
		{683DB65A-53A8-4607-9A09-32EA40FB84C5}.Release|Any CPU.ActiveCfg = Release|Any CPU
		{683DB65A-53A8-4607-9A09-32EA40FB84C5}.Release|Any CPU.Build.0 = Release|Any CPU
		{683DB65A-53A8-4607-9A09-32EA40FB84C5}.Release|x64.ActiveCfg = Release|Any CPU
		{683DB65A-53A8-4607-9A09-32EA40FB84C5}.Release|x64.Build.0 = Release|Any CPU
		{683DB65A-53A8-4607-9A09-32EA40FB84C5}.Release|x86.ActiveCfg = Release|Any CPU
		{683DB65A-53A8-4607-9A09-32EA40FB84C5}.Release|x86.Build.0 = Release|Any CPU
		{12CB0EBB-F33B-4E91-AA71-D8DF960FD997}.Debug|Any CPU.ActiveCfg = Debug|Any CPU
		{12CB0EBB-F33B-4E91-AA71-D8DF960FD997}.Debug|Any CPU.Build.0 = Debug|Any CPU
		{12CB0EBB-F33B-4E91-AA71-D8DF960FD997}.Debug|x64.ActiveCfg = Debug|Any CPU
		{12CB0EBB-F33B-4E91-AA71-D8DF960FD997}.Debug|x64.Build.0 = Debug|Any CPU
		{12CB0EBB-F33B-4E91-AA71-D8DF960FD997}.Debug|x86.ActiveCfg = Debug|Any CPU
		{12CB0EBB-F33B-4E91-AA71-D8DF960FD997}.Debug|x86.Build.0 = Debug|Any CPU
		{12CB0EBB-F33B-4E91-AA71-D8DF960FD997}.Release|Any CPU.ActiveCfg = Release|Any CPU
		{12CB0EBB-F33B-4E91-AA71-D8DF960FD997}.Release|Any CPU.Build.0 = Release|Any CPU
		{12CB0EBB-F33B-4E91-AA71-D8DF960FD997}.Release|x64.ActiveCfg = Release|Any CPU
		{12CB0EBB-F33B-4E91-AA71-D8DF960FD997}.Release|x64.Build.0 = Release|Any CPU
		{12CB0EBB-F33B-4E91-AA71-D8DF960FD997}.Release|x86.ActiveCfg = Release|Any CPU
		{12CB0EBB-F33B-4E91-AA71-D8DF960FD997}.Release|x86.Build.0 = Release|Any CPU
		{D4F0315E-6F39-405E-AB9E-FB50EBEF599A}.Debug|Any CPU.ActiveCfg = Debug|Any CPU
		{D4F0315E-6F39-405E-AB9E-FB50EBEF599A}.Debug|Any CPU.Build.0 = Debug|Any CPU
		{D4F0315E-6F39-405E-AB9E-FB50EBEF599A}.Debug|x64.ActiveCfg = Debug|Any CPU
		{D4F0315E-6F39-405E-AB9E-FB50EBEF599A}.Debug|x64.Build.0 = Debug|Any CPU
		{D4F0315E-6F39-405E-AB9E-FB50EBEF599A}.Debug|x86.ActiveCfg = Debug|Any CPU
		{D4F0315E-6F39-405E-AB9E-FB50EBEF599A}.Debug|x86.Build.0 = Debug|Any CPU
		{D4F0315E-6F39-405E-AB9E-FB50EBEF599A}.Release|Any CPU.ActiveCfg = Release|Any CPU
		{D4F0315E-6F39-405E-AB9E-FB50EBEF599A}.Release|Any CPU.Build.0 = Release|Any CPU
		{D4F0315E-6F39-405E-AB9E-FB50EBEF599A}.Release|x64.ActiveCfg = Release|Any CPU
		{D4F0315E-6F39-405E-AB9E-FB50EBEF599A}.Release|x64.Build.0 = Release|Any CPU
		{D4F0315E-6F39-405E-AB9E-FB50EBEF599A}.Release|x86.ActiveCfg = Release|Any CPU
		{D4F0315E-6F39-405E-AB9E-FB50EBEF599A}.Release|x86.Build.0 = Release|Any CPU
	EndGlobalSection
	GlobalSection(SolutionProperties) = preSolution
		HideSolutionNode = FALSE
	EndGlobalSection
	GlobalSection(NestedProjects) = preSolution
		{531E7DE9-E5E7-4F36-ADCD-DC38EFCBE762} = {1578700B-C9E2-4469-BA9B-29E27B22EA25}
		{4A3F1337-0223-4465-B47B-34AE4A4F939A} = {1578700B-C9E2-4469-BA9B-29E27B22EA25}
		{7A737D72-AF20-4E8F-A66C-F3F3ADDF8619} = {1578700B-C9E2-4469-BA9B-29E27B22EA25}
		{82CBA1DE-59BE-4D7F-AE15-522E05D22A22} = {36B61C3D-9B27-4EC5-8E9D-9BAE97EBA631}
		{1DA4C4C3-7C14-4187-B574-C18E15316C89} = {36B61C3D-9B27-4EC5-8E9D-9BAE97EBA631}
		{883C31A0-2320-484D-B93E-8CCBD1E40CCE} = {E3B33D6B-1675-484C-B459-D199D2B3A7CE}
		{6B9097F7-2AD7-4BD5-8280-D3A65200D5DD} = {1578700B-C9E2-4469-BA9B-29E27B22EA25}
		{0B125CDA-EF14-4399-8AAC-C43A0FD88FBD} = {1578700B-C9E2-4469-BA9B-29E27B22EA25}
		{98EF6DEA-12D1-493E-B33D-9234F5655E80} = {1578700B-C9E2-4469-BA9B-29E27B22EA25}
		{0047C6EE-7051-41CE-B72A-BECBFDA43341} = {1578700B-C9E2-4469-BA9B-29E27B22EA25}
		{7C38EFD4-B5DB-4128-A180-849E54EB80F2} = {36B61C3D-9B27-4EC5-8E9D-9BAE97EBA631}
		{69A89081-2600-4914-97F0-2042B9DCA13E} = {E3B33D6B-1675-484C-B459-D199D2B3A7CE}
		{683DB65A-53A8-4607-9A09-32EA40FB84C5} = {E3B33D6B-1675-484C-B459-D199D2B3A7CE}
		{12CB0EBB-F33B-4E91-AA71-D8DF960FD997} = {1578700B-C9E2-4469-BA9B-29E27B22EA25}
		{D4F0315E-6F39-405E-AB9E-FB50EBEF599A} = {1578700B-C9E2-4469-BA9B-29E27B22EA25}
	EndGlobalSection
EndGlobal
